
Microsoft Visual Studio Solution File, Format Version 12.00
# Visual Studio Version 17
VisualStudioVersion = 17.3.32901.215
MinimumVisualStudioVersion = 10.0.40219.1
Project("{FAE04EC0-301F-11D3-BF4B-00C04F79EFBC}") = "JR-Assignment1-WebAPI", "JR-Assignment1-WebAPI\JR-Assignment1-WebAPI.csproj", "{A2FA8E85-C8BC-42FD-88C2-878E56A4CDAA}"
EndProject
Global
	GlobalSection(SolutionConfigurationPlatforms) = preSolution
		Debug|Any CPU = Debug|Any CPU
		Release|Any CPU = Release|Any CPU
	EndGlobalSection
	GlobalSection(ProjectConfigurationPlatforms) = postSolution
		{A2FA8E85-C8BC-42FD-88C2-878E56A4CDAA}.Debug|Any CPU.ActiveCfg = Debug|Any CPU
		{A2FA8E85-C8BC-42FD-88C2-878E56A4CDAA}.Debug|Any CPU.Build.0 = Debug|Any CPU
		{A2FA8E85-C8BC-42FD-88C2-878E56A4CDAA}.Release|Any CPU.ActiveCfg = Release|Any CPU
		{A2FA8E85-C8BC-42FD-88C2-878E56A4CDAA}.Release|Any CPU.Build.0 = Release|Any CPU
	EndGlobalSection
	GlobalSection(SolutionProperties) = preSolution
		HideSolutionNode = FALSE
	EndGlobalSection
	GlobalSection(ExtensibilityGlobals) = postSolution
		SolutionGuid = {D2E469CD-1141-42C9-9571-20CF4ACE6B58}
	EndGlobalSection
EndGlobal
